
Microsoft Visual Studio Solution File, Format Version 12.00
# Visual Studio 15
VisualStudioVersion = 15.0.28307.572
MinimumVisualStudioVersion = 10.0.40219.1
Project("{9A19103F-16F7-4668-BE54-9A1E7A4F7556}") = "Sample", "Sample\Sample.csproj", "{715E646B-FF00-460D-B746-2A20B16D5519}"
EndProject
Project("{9A19103F-16F7-4668-BE54-9A1E7A4F7556}") = "OAuthHandler.Pocket", "OAutnHandler.Pocket\OAuthHandler.Pocket.csproj", "{2853D0E6-DF03-4C68-89AC-02CA7C005F91}"
EndProject
Project("{2150E333-8FDC-42A3-9474-1A3956D46DE8}") = "Design", "Design", "{CE5E3931-3F73-46BD-9B22-E5E0B73E806E}"
	ProjectSection(SolutionItems) = preProject
		Pocket.txt = Pocket.txt
	EndProjectSection
EndProject
Project("{2150E333-8FDC-42A3-9474-1A3956D46DE8}") = "OAuth", "OAuth", "{56641BA5-69B7-41CC-9460-9F3519A2A98E}"
EndProject
Project("{2150E333-8FDC-42A3-9474-1A3956D46DE8}") = "src", "src", "{203675C0-600C-4489-9062-B0573630CCE9}"
EndProject
Project("{2150E333-8FDC-42A3-9474-1A3956D46DE8}") = "Log", "Log", "{BDCFCA9C-282C-44C4-A112-B67D653EF0B6}"
EndProject
Project("{FAE04EC0-301F-11D3-BF4B-00C04F79EFBC}") = "Coco.Exntesion.FileLogger", "Coco.Exntesion.FileLogger\Coco.Exntesion.FileLogger.csproj", "{1E90FB76-BE6A-46C5-8FD9-5A2E9999BA52}"
EndProject
Global
	GlobalSection(SolutionConfigurationPlatforms) = preSolution
		Debug|Any CPU = Debug|Any CPU
		Release|Any CPU = Release|Any CPU
	EndGlobalSection
	GlobalSection(ProjectConfigurationPlatforms) = postSolution
		{715E646B-FF00-460D-B746-2A20B16D5519}.Debug|Any CPU.ActiveCfg = Debug|Any CPU
		{715E646B-FF00-460D-B746-2A20B16D5519}.Debug|Any CPU.Build.0 = Debug|Any CPU
		{715E646B-FF00-460D-B746-2A20B16D5519}.Release|Any CPU.ActiveCfg = Release|Any CPU
		{715E646B-FF00-460D-B746-2A20B16D5519}.Release|Any CPU.Build.0 = Release|Any CPU
		{2853D0E6-DF03-4C68-89AC-02CA7C005F91}.Debug|Any CPU.ActiveCfg = Debug|Any CPU
		{2853D0E6-DF03-4C68-89AC-02CA7C005F91}.Debug|Any CPU.Build.0 = Debug|Any CPU
		{2853D0E6-DF03-4C68-89AC-02CA7C005F91}.Release|Any CPU.ActiveCfg = Release|Any CPU
		{2853D0E6-DF03-4C68-89AC-02CA7C005F91}.Release|Any CPU.Build.0 = Release|Any CPU
		{1E90FB76-BE6A-46C5-8FD9-5A2E9999BA52}.Debug|Any CPU.ActiveCfg = Debug|Any CPU
		{1E90FB76-BE6A-46C5-8FD9-5A2E9999BA52}.Debug|Any CPU.Build.0 = Debug|Any CPU
		{1E90FB76-BE6A-46C5-8FD9-5A2E9999BA52}.Release|Any CPU.ActiveCfg = Release|Any CPU
		{1E90FB76-BE6A-46C5-8FD9-5A2E9999BA52}.Release|Any CPU.Build.0 = Release|Any CPU
	EndGlobalSection
	GlobalSection(SolutionProperties) = preSolution
		HideSolutionNode = FALSE
	EndGlobalSection
	GlobalSection(NestedProjects) = preSolution
		{715E646B-FF00-460D-B746-2A20B16D5519} = {56641BA5-69B7-41CC-9460-9F3519A2A98E}
		{2853D0E6-DF03-4C68-89AC-02CA7C005F91} = {56641BA5-69B7-41CC-9460-9F3519A2A98E}
		{56641BA5-69B7-41CC-9460-9F3519A2A98E} = {203675C0-600C-4489-9062-B0573630CCE9}
		{BDCFCA9C-282C-44C4-A112-B67D653EF0B6} = {203675C0-600C-4489-9062-B0573630CCE9}
		{1E90FB76-BE6A-46C5-8FD9-5A2E9999BA52} = {BDCFCA9C-282C-44C4-A112-B67D653EF0B6}
	EndGlobalSection
	GlobalSection(ExtensibilityGlobals) = postSolution
		SolutionGuid = {66939630-A8BD-4A13-97A1-9BDE6AD576CC}
	EndGlobalSection
EndGlobal
